hash: 681f17487933919c2d0988d22ef7727463e5ab184f5c0329ff89ae6bcef008ab
updated: 2017-06-13T20:32:34.070587706-04:00
imports:
- name: github.com/colinmarc/hdfs
  version: d9614569203878ff04bb4420b929923949e855fc
  subpackages:
  - protocol/hadoop_common
  - protocol/hadoop_hdfs
  - rpc
- name: github.com/golang/protobuf
  version: e325f446bebc2998605911c0a2650d9920361d4a
  subpackages:
  - proto
- name: github.com/mattn/go-colorable
  version: ded68f7a9561c023e790de24279db7ebf473ea80
- name: github.com/mattn/go-isatty
  version: fc9e8d8ef48496124e79ae0df75490096eccf6fe
- name: github.com/mgutz/ansi
  version: 9520e82c474b0a04dd04f8a40959027271bab992
- name: github.com/pkg/errors
  version: c605e284fe17294bda444b34710735b29d1a9d90
- name: github.com/unchartedsoftware/plog
  version: 34d2bbd3c0a9458feb0752af2b578a23eb8ddc4f
- name: golang.org/x/sys
  version: 9ccfe848b9db8435a24c424abbc07a921adf1df5
  subpackages:
  - unix
- name: gopkg.in/olivere/elastic.v3
  version: d8c80d884c60d6844d3042cf1697998f34c25e37
  subpackages:
  - backoff
  - uritemplates
- name: gopkg.in/olivere/elastic.v5
  version: f1fd7305d0b6270192b27010fe1193568b18e4b6
  subpackages:
  - uritemplates
testImports: []
